version = 1
revision = 3
requires-python = ">=3.10"

[[package]]
name = "click"
version = "8.1.7"
source = { registry = "https://pypi.org/simple" }
dependencies = [
    { name = "colorama", marker = "sys_platform == 'win32'" },
]
sdist = { url = "https://files.pythonhosted.org/packages/96/d3/f04c7bfcf5c1862a2a5b845c6b2b360488cf47af55dfa79c98f6a6bf98b5/click-8.1.7.tar.gz", hash = "sha256:ca9853ad459e787e2192211578cc907e7594e294c7ccc834310722b41b9ca6de", size = 336121, upload-time = "2023-08-17T17:29:11.868Z" }
wheels = [
    { url = "https://files.pythonhosted.org/packages/00/2e/d53fa4befbf2cfa713304affc7ca780ce4fc1fd8710527771b58311a3229/click-8.1.7-py3-none-any.whl", hash = "sha256:ae74fb96c20a0277a1d615f1e4d73c8414f5a98db8b799a7931d1582f3390c28", size = 97941, upload-time = "2023-08-17T17:29:10.08Z" },
]

[[package]]
name = "colorama"
version = "0.4.6"
source = { registry = "https://pypi.org/simple" }
sdist = { url = "https://files.pythonhosted.org/packages/d8/53/6f443c9a4a8358a93a6792e2acffb9d9d5cb0a5cfd8802644b7b1c9a02e4/colorama-0.4.6.tar.gz", hash = "sha256:08695f5cb7ed6e0531a20572697297273c47b8cae5a63ffc6d6ed5c201be6e44", size = 27697, upload-time = "2022-10-25T02:36:22.414Z" }
wheels = [
    { url = "https://files.pythonhosted.org/packages/d1/d6/3965ed04c63042e047cb6a3e6ed1a63a35087b6a609aa3a15ed8ac56c221/colorama-0.4.6-py2.py3-none-any.whl", hash = "sha256:4f1d9991f5acc0ca119f9d443620b77f9d6b33703e51011c16baf57afb285fc6", size = 25335, upload-time = "2022-10-25T02:36:20.889Z" },
]

[[package]]
name = "coverage"
version = "7.4.1"
source = { registry = "https://pypi.org/simple" }
sdist = { url = "https://files.pythonhosted.org/packages/ca/41/e2ba20f090d0d16b73ad1f6fc542eb31b0db20662576583fb4f02554891f/coverage-7.4.1.tar.gz", hash = "sha256:1ed4b95480952b1a26d863e546fa5094564aa0065e1e5f0d4d0041f293251d04", size = 780560, upload-time = "2024-01-26T18:53:41.34Z" }
wheels = [
    { url = "https://files.pythonhosted.org/packages/26/1f/430384b8e428c87950583e775fee97bc83bcfd93a2ecc00b5e55a5a052a5/coverage-7.4.1-cp310-cp310-macosx_10_9_x86_64.whl", hash = "sha256:077d366e724f24fc02dbfe9d946534357fda71af9764ff99d73c3c596001bbd7", size = 206308, upload-time = "2024-01-26T18:51:48.115Z" },
    { url = "https://files.pythonhosted.org/packages/ed/2d/db83db65d0c3d457f993830b97271a80f11bdc051d86dd44405c436db147/coverage-7.4.1-cp310-cp310-macosx_11_0_arm64.whl", hash = "sha256:0193657651f5399d433c92f8ae264aff31fc1d066deee4b831549526433f3f61", size = 206659, upload-time = "2024-01-26T18:51:51.497Z" },
    { url = "https://files.pythonhosted.org/packages/8f/bf/9b1e104690d4976b17d515ee49b648c26d7244e148d1c845708d58b8f4fe/coverage-7.4.1-cp310-cp310-manylinux_2_17_aarch64.manylinux2014_aarch64.whl", hash = "sha256:d17bbc946f52ca67adf72a5ee783cd7cd3477f8f8796f59b4974a9b59cacc9ee", size = 234898, upload-time = "2024-01-26T18:51:53.167Z" },
    { url = "https://files.pythonhosted.org/packages/a3/6a/02369bde2559d7c511d62eaca5668d6e15d2b741da87bc6a7e9c8999777d/coverage-7.4.1-cp310-cp310-manylinux_2_5_i686.manylinux1_i686.manylinux_2_17_i686.manylinux2014_i686.whl", hash = "sha256:a3277f5fa7483c927fe3a7b017b39351610265308f5267ac6d4c2b64cc1d8d25", size = 233179, upload-time = "2024-01-26T18:51:55.446Z" },
    { url = "https://files.pythonhosted.org/packages/49/d5/9d66fd984979b58927588efb0398953acbdb4c45eb7cfcd74fa9b8d51d12/coverage-7.4.1-cp310-cp310-manylinux_2_5_x86_64.manylinux1_x86_64.manylinux_2_17_x86_64.manylinux2014_x86_64.whl", hash = "sha256:6dceb61d40cbfcf45f51e59933c784a50846dc03211054bd76b421a713dcdf19", size = 233972, upload-time = "2024-01-26T18:51:57.498Z" },
    { url = "https://files.pythonhosted.org/packages/64/98/2f02659fdd92467a78e35fcf756b373f2a374bb68a42a16546ad3005bb18/coverage-7.4.1-cp310-cp310-musllinux_1_1_aarch64.whl", hash = "sha256:6008adeca04a445ea6ef31b2cbaf1d01d02986047606f7da266629afee982630", size = 240035, upload-time = "2024-01-26T18:51:59.842Z" },
    { url = "https://files.pythonhosted.org/packages/ba/77/c12e72e82324914d4b36d89535a18dc57de06829597b345080acbf4083d0/coverage-7.4.1-cp310-cp310-musllinux_1_1_i686.whl", hash = "sha256:c61f66d93d712f6e03369b6a7769233bfda880b12f417eefdd4f16d1deb2fc4c", size = 238230, upload-time = "2024-01-26T18:52:02.695Z" },
    { url = "https://files.pythonhosted.org/packages/d3/e9/4dd7343cfb4458e3279da877cdd73e006624f6b24fd5c6675e4f973724c0/coverage-7.4.1-cp310-cp310-musllinux_1_1_x86_64.whl", hash = "sha256:b9bb62fac84d5f2ff523304e59e5c439955fb3b7f44e3d7b2085184db74d733b", size = 239418, upload-time = "2024-01-26T18:52:04.554Z" },
    { url = "https://files.pythonhosted.org/packages/c1/65/10f29c16bba6908115c9011bdeb16bbd6df877ea0fa1acdfc4a132dcef06/coverage-7.4.1-cp310-cp310-win32.whl", hash = "sha256:f86f368e1c7ce897bf2457b9eb61169a44e2ef797099fb5728482b8d69f3f016", size = 208838, upload-time = "2024-01-26T18:52:06.975Z" },
    { url = "https://files.pythonhosted.org/packages/6a/a7/276ab6a05eefc827b7a4c77b57c57a72c8c4bdc01748ce90f3936b417d8b/coverage-7.4.1-cp310-cp310-win_amd64.whl", hash = "sha256:869b5046d41abfea3e381dd143407b0d29b8282a904a19cb908fa24d090cc018", size = 209738, upload-time = "2024-01-26T18:52:08.818Z" },
    { url = "https://files.pythonhosted.org/packages/0b/bd/008f9dad615d67e47221a983cd46cb5e87002e569dec60daa84d1b422859/coverage-7.4.1-cp311-cp311-macosx_10_9_x86_64.whl", hash = "sha256:b8ffb498a83d7e0305968289441914154fb0ef5d8b3157df02a90c6695978295", size = 206494, upload-time = "2024-01-26T18:52:11.417Z" },
    { url = "https://files.pythonhosted.org/packages/12/8d/e078f0ccc4e91aa44f7754f0bac18bd6c62780a029b5d30f6242c6e06b23/coverage-7.4.1-cp311-cp311-macosx_11_0_arm64.whl", hash = "sha256:3cacfaefe6089d477264001f90f55b7881ba615953414999c46cc9713ff93c8c", size = 206760, upload-time = "2024-01-26T18:52:13.114Z" },
    { url = "https://files.pythonhosted.org/packages/87/71/0d90c4cda220c1f20f0eeaa997633eb1ec0bcaf5d8250c299d0f27a5885d/coverage-7.4.1-cp311-cp311-manylinux_2_17_aarch64.manylinux2014_aarch64.whl", hash = "sha256:5d6850e6e36e332d5511a48a251790ddc545e16e8beaf046c03985c69ccb2676", size = 238549, upload-time = "2024-01-26T18:52:15.821Z" },
    { url = "https://files.pythonhosted.org/packages/2b/cc/bf2bfaf953a47d9771383cb87ce2985ec3d4aad445fb88143c24d9839079/coverage-7.4.1-cp311-cp311-manylinux_2_5_i686.manylinux1_i686.manylinux_2_17_i686.manylinux2014_i686.whl", hash = "sha256:18e961aa13b6d47f758cc5879383d27b5b3f3dcd9ce8cdbfdc2571fe86feb4dd", size = 236124, upload-time = "2024-01-26T18:52:18.165Z" },
    { url = "https://files.pythonhosted.org/packages/d5/a7/36bd1c439fab5d450c69b7cdf4be4291d56885ae8be11ebed9ec240b919f/coverage-7.4.1-cp311-cp311-manylinux_2_5_x86_64.manylinux1_x86_64.manylinux_2_17_x86_64.manylinux2014_x86_64.whl", hash = "sha256:dfd1e1b9f0898817babf840b77ce9fe655ecbe8b1b327983df485b30df8cc011", size = 237825, upload-time = "2024-01-26T18:52:20.016Z" },
    { url = "https://files.pythonhosted.org/packages/10/b5/17ee4cc87f4415c28cd3b77df2dd58ce548d5033545faea2bc1a9b3e6b50/coverage-7.4.1-cp311-cp311-musllinux_1_1_aarch64.whl", hash = "sha256:6b00e21f86598b6330f0019b40fb397e705135040dbedc2ca9a93c7441178e74", size = 246920, upload-time = "2024-01-26T18:52:21.773Z" },
    { url = "https://files.pythonhosted.org/packages/cb/0f/93a0ffe448b16e713f50b968733cfc590adb70878b14290718e6471ae6fa/coverage-7.4.1-cp311-cp311-musllinux_1_1_i686.whl", hash = "sha256:536d609c6963c50055bab766d9951b6c394759190d03311f3e9fcf194ca909e1", size = 245300, upload-time = "2024-01-26T18:52:24.213Z" },
    { url = "https://files.pythonhosted.org/packages/8e/d5/af7155aa1a6d8496c4436b45c9330dc7b26d962a154054359e2cf6055ed6/coverage-7.4.1-cp311-cp311-musllinux_1_1_x86_64.whl", hash = "sha256:7ac8f8eb153724f84885a1374999b7e45734bf93a87d8df1e7ce2146860edef6", size = 246381, upload-time = "2024-01-26T18:52:26.073Z" },
    { url = "https://files.pythonhosted.org/packages/73/bb/9103f1b3f74c64187e05f6d2bb5a9ab2d093be3622efbd2a6efa5bd43d08/coverage-7.4.1-cp311-cp311-win32.whl", hash = "sha256:f3771b23bb3675a06f5d885c3630b1d01ea6cac9e84a01aaf5508706dba546c5", size = 208827, upload-time = "2024-01-26T18:52:28.777Z" },
    { url = "https://files.pythonhosted.org/packages/95/2d/942c21494711505c20fc05ef11ec47ac49fe86dd5242123dbd5a0d0a92c0/coverage-7.4.1-cp311-cp311-win_amd64.whl", hash = "sha256:9d2f9d4cc2a53b38cabc2d6d80f7f9b7e3da26b2f53d48f05876fef7956b6968", size = 209839, upload-time = "2024-01-26T18:52:31.246Z" },
    { url = "https://files.pythonhosted.org/packages/37/34/2089e0b24759a207184b41a4e4b4af7004282a5b3a93bb408c2fa19b9b16/coverage-7.4.1-cp312-cp312-macosx_10_9_x86_64.whl", hash = "sha256:f68ef3660677e6624c8cace943e4765545f8191313a07288a53d3da188bd8581", size = 206599, upload-time = "2024-01-26T18:52:33.091Z" },
    { url = "https://files.pythonhosted.org/packages/de/37/4f3eb8e6f4be39eeca4318e3c2ef10e954e86871a68b0e71f004835d6a30/coverage-7.4.1-cp312-cp312-macosx_11_0_arm64.whl", hash = "sha256:23b27b8a698e749b61809fb637eb98ebf0e505710ec46a8aa6f1be7dc0dc43a6", size = 206764, upload-time = "2024-01-26T18:52:35.449Z" },
    { url = "https://files.pythonhosted.org/packages/10/97/ca7dec2d9a1262bc0dbfb757989444fec8cde908083b15fb3339210aa7b8/coverage-7.4.1-cp312-cp312-manylinux_2_17_aarch64.manylinux2014_aarch64.whl", hash = "sha256:3e3424c554391dc9ef4a92ad28665756566a28fecf47308f91841f6c49288e66", size = 239435, upload-time = "2024-01-26T18:52:37.816Z" },
    { url = "https://files.pythonhosted.org/packages/d7/95/5f7e7f7d46d671d1b81e36ef6439798645ed042c1ffd116ded89897b254d/coverage-7.4.1-cp312-cp312-manylinux_2_5_i686.manylinux1_i686.manylinux_2_17_i686.manylinux2014_i686.whl", hash = "sha256:e0860a348bf7004c812c8368d1fc7f77fe8e4c095d661a579196a9533778e156", size = 236803, upload-time = "2024-01-26T18:52:39.777Z" },
    { url = "https://files.pythonhosted.org/packages/c3/92/f2d89715c3397e76fe365b1ecbb861d1279ff8d47d23635040a358bc75dc/coverage-7.4.1-cp312-cp312-manylinux_2_5_x86_64.manylinux1_x86_64.manylinux_2_17_x86_64.manylinux2014_x86_64.whl", hash = "sha256:fe558371c1bdf3b8fa03e097c523fb9645b8730399c14fe7721ee9c9e2a545d3", size = 238735, upload-time = "2024-01-26T18:52:42.372Z" },
    { url = "https://files.pythonhosted.org/packages/07/c8/a0f6a2fe09bcada89661eca3c79ee71ad33acfa2ee141b4e300a7281563d/coverage-7.4.1-cp312-cp312-musllinux_1_1_aarch64.whl", hash = "sha256:3468cc8720402af37b6c6e7e2a9cdb9f6c16c728638a2ebc768ba1ef6f26c3a1", size = 245675, upload-time = "2024-01-26T18:52:44.22Z" },
    { url = "https://files.pythonhosted.org/packages/a9/59/fd1a59a55e6b99b72e77e20933185bacaf3cd35a3729cba8465af1e1cdbe/coverage-7.4.1-cp312-cp312-musllinux_1_1_i686.whl", hash = "sha256:02f2edb575d62172aa28fe00efe821ae31f25dc3d589055b3fb64d51e52e4ab1", size = 243577, upload-time = "2024-01-26T18:52:46.041Z" },
    { url = "https://files.pythonhosted.org/packages/f1/a3/77220a6212f874ccb0b32e36de5803b379a7a3ee95c2b3cded1e1c78c683/coverage-7.4.1-cp312-cp312-musllinux_1_1_x86_64.whl", hash = "sha256:ca6e61dc52f601d1d224526360cdeab0d0712ec104a2ce6cc5ccef6ed9a233bc", size = 245318, upload-time = "2024-01-26T18:52:48.538Z" },
    { url = "https://files.pythonhosted.org/packages/cc/1a/8a4e73e3d45e9500534d13f19ac9a86d52badbe22719a0d4c2dc23c5036b/coverage-7.4.1-cp312-cp312-win32.whl", hash = "sha256:ca7b26a5e456a843b9b6683eada193fc1f65c761b3a473941efe5a291f604c74", size = 209121, upload-time = "2024-01-26T18:52:51.337Z" },
    { url = "https://files.pythonhosted.org/packages/37/8b/41ff7b01b18fac13af654b9c398b4c3cf40ae19f02e9633ea49898799f85/coverage-7.4.1-cp312-cp312-win_amd64.whl", hash = "sha256:85ccc5fa54c2ed64bd91ed3b4a627b9cce04646a659512a051fa82a92c04a448", size = 210000, upload-time = "2024-01-26T18:52:53.776Z" },
    { url = "https://files.pythonhosted.org/packages/65/b7/0c855c523d0e979ae43480cee806cae09ee0dbbd0b7c6fed9f9d50318b18/coverage-7.4.1-pp38.pp39.pp310-none-any.whl", hash = "sha256:32a8d985462e37cfdab611a6f95b09d7c091d07668fdc26e47a725ee575fe166", size = 198894, upload-time = "2024-01-26T18:53:38.604Z" },
]

[[package]]
name = "dtyper"
version = "2.6.0"
source = { editable = "." }
dependencies = [
    { name = "typer" },
]

[package.dev-dependencies]
dev = [
    { name = "coverage" },
    { name = "pytest" },
    { name = "pyupgrade" },
    { name = "ruff" },
    { name = "ty" },
]

[package.metadata]
requires-dist = [{ name = "typer" }]

[package.metadata.requires-dev]
dev = [
    { name = "coverage" },
    { name = "pytest" },
    { name = "pyupgrade", specifier = ">=3.21.2" },
    { name = "ruff" },
    { name = "ty", specifier = ">=0.0.14" },
]

[[package]]
name = "exceptiongroup"
version = "1.2.0"
source = { registry = "https://pypi.org/simple" }
sdist = { url = "https://files.pythonhosted.org/packages/8e/1c/beef724eaf5b01bb44b6338c8c3494eff7cab376fab4904cfbbc3585dc79/exceptiongroup-1.2.0.tar.gz", hash = "sha256:91f5c769735f051a4290d52edd0858999b57e5876e9f85937691bd4c9fa3ed68", size = 26264, upload-time = "2023-11-21T08:42:17.407Z" }
wheels = [
    { url = "https://files.pythonhosted.org/packages/b8/9a/5028fd52db10e600f1c4674441b968cf2ea4959085bfb5b99fb1250e5f68/exceptiongroup-1.2.0-py3-none-any.whl", hash = "sha256:4bfd3996ac73b41e9b9628b04e079f193850720ea5945fc96a08633c66912f14", size = 16210, upload-time = "2023-11-21T08:42:15.525Z" },
]

[[package]]
name = "iniconfig"
version = "2.0.0"
source = { registry = "https://pypi.org/simple" }
sdist = { url = "https://files.pythonhosted.org/packages/d7/4b/cbd8e699e64a6f16ca3a8220661b5f83792b3017d0f79807cb8708d33913/iniconfig-2.0.0.tar.gz", hash = "sha256:2d91e135bf72d31a410b17c16da610a82cb55f6b0477d1a902134b24a455b8b3", size = 4646, upload-time = "2023-01-07T11:08:11.254Z" }
wheels = [
    { url = "https://files.pythonhosted.org/packages/ef/a6/62565a6e1cf69e10f5727360368e451d4b7f58beeac6173dc9db836a5b46/iniconfig-2.0.0-py3-none-any.whl", hash = "sha256:b6a85871a79d2e3b22d2d1b94ac2824226a63c6b741c88f7ae975f18b6778374", size = 5892, upload-time = "2023-01-07T11:08:09.864Z" },
]

[[package]]
name = "packaging"
version = "23.2"
source = { registry = "https://pypi.org/simple" }
sdist = { url = "https://files.pythonhosted.org/packages/fb/2b/9b9c33ffed44ee921d0967086d653047286054117d584f1b1a7c22ceaf7b/packaging-23.2.tar.gz", hash = "sha256:048fb0e9405036518eaaf48a55953c750c11e1a1b68e0dd1a9d62ed0c092cfc5", size = 146714, upload-time = "2023-10-01T13:50:05.279Z" }
wheels = [
    { url = "https://files.pythonhosted.org/packages/ec/1a/610693ac4ee14fcdf2d9bf3c493370e4f2ef7ae2e19217d7a237ff42367d/packaging-23.2-py3-none-any.whl", hash = "sha256:8c491190033a9af7e1d931d0b5dacc2ef47509b34dd0de67ed209b5203fc88c7", size = 53011, upload-time = "2023-10-01T13:50:03.745Z" },
]

[[package]]
name = "pluggy"
version = "1.4.0"
source = { registry = "https://pypi.org/simple" }
sdist = { url = "https://files.pythonhosted.org/packages/54/c6/43f9d44d92aed815e781ca25ba8c174257e27253a94630d21be8725a2b59/pluggy-1.4.0.tar.gz", hash = "sha256:8c85c2876142a764e5b7548e7d9a0e0ddb46f5185161049a79b7e974454223be", size = 65812, upload-time = "2024-01-24T13:45:15.875Z" }
wheels = [
    { url = "https://files.pythonhosted.org/packages/a5/5b/0cc789b59e8cc1bf288b38111d002d8c5917123194d45b29dcdac64723cc/pluggy-1.4.0-py3-none-any.whl", hash = "sha256:7db9f7b503d67d1c5b95f59773ebb58a8c1c288129a88665838012cfb07b8981", size = 20120, upload-time = "2024-01-24T13:45:14.227Z" },
]

[[package]]
name = "pytest"
version = "8.0.0"
source = { registry = "https://pypi.org/simple" }
dependencies = [
    { name = "colorama", marker = "sys_platform == 'win32'" },
    { name = "exceptiongroup", marker = "python_full_version < '3.11'" },
    { name = "iniconfig" },
    { name = "packaging" },
    { name = "pluggy" },
    { name = "tomli", marker = "python_full_version < '3.11'" },
]
sdist = { url = "https://files.pythonhosted.org/packages/50/fd/af2d835eed57448960c4e7e9ab76ee42f24bcdd521e967191bc26fa2dece/pytest-8.0.0.tar.gz", hash = "sha256:249b1b0864530ba251b7438274c4d251c58d868edaaec8762893ad4a0d71c36c", size = 1395242, upload-time = "2024-01-27T21:47:58.099Z" }
wheels = [
    { url = "https://files.pythonhosted.org/packages/c7/10/727155d44c5e04bb08e880668e53079547282e4f950535234e5a80690564/pytest-8.0.0-py3-none-any.whl", hash = "sha256:50fb9cbe836c3f20f0dfa99c565201fb75dc54c8d76373cd1bde06b06657bdb6", size = 334024, upload-time = "2024-01-27T21:47:54.913Z" },
]

[[package]]
name = "pyupgrade"
version = "3.21.2"
source = { registry = "https://pypi.org/simple" }
dependencies = [
    { name = "tokenize-rt" },
]
sdist = { url = "https://files.pythonhosted.org/packages/7f/a1/dc63caaeed232b1c58eae1b7a75f262d64ab8435882f696ffa9b58c0c415/pyupgrade-3.21.2.tar.gz", hash = "sha256:1a361bea39deda78d1460f65d9dd548d3a36ff8171d2482298539b9dc11c9c06", size = 45455, upload-time = "2025-11-19T00:39:48.012Z" }
wheels = [
    { url = "https://files.pythonhosted.org/packages/16/8c/433dac11910989a90c40b10149d07ef7224232236971a562d3976790ec53/pyupgrade-3.21.2-py2.py3-none-any.whl", hash = "sha256:2ac7b95cbd176475041e4dfe8ef81298bd4654a244f957167bd68af37d52be9f", size = 62814, upload-time = "2025-11-19T00:39:46.958Z" },
]

[[package]]
name = "ruff"
version = "0.2.1"
source = { registry = "https://pypi.org/simple" }
sdist = { url = "https://files.pythonhosted.org/packages/61/b6/369912503f4858f3cdf4e123b951d7647beb47d7db0eb5f616dd1ef37775/ruff-0.2.1.tar.gz", hash = "sha256:3b42b5d8677cd0c72b99fcaf068ffc62abb5a19e71b4a3b9cfa50658a0af02f1", size = 2009158, upload-time = "2024-02-05T22:29:17.516Z" }
wheels = [
    { url = "https://files.pythonhosted.org/packages/00/a1/618f1dbf5fc66c27221b1ede09a8b07ad4796cdf6cf9a8f8e4b20bb5987b/ruff-0.2.1-py3-none-macosx_10_12_x86_64.macosx_11_0_arm64.macosx_10_12_universal2.whl", hash = "sha256:dd81b911d28925e7e8b323e8d06951554655021df8dd4ac3045d7212ac4ba080", size = 14513022, upload-time = "2024-02-05T22:28:13.589Z" },
    { url = "https://files.pythonhosted.org/packages/50/98/da1db1515e6ad15a4e4bdbb9db8081ae555ba740fe5421a7a41bc35a144d/ruff-0.2.1-py3-none-macosx_10_12_x86_64.whl", hash = "sha256:dc586724a95b7d980aa17f671e173df00f0a2eef23f8babbeee663229a938fec", size = 7411308, upload-time = "2024-02-05T22:28:20.749Z" },
    { url = "https://files.pythonhosted.org/packages/88/6d/26de1c29fdef591e56e0f8336bb050f581b48ead1b7b69eab16a1e4ed8eb/ruff-0.2.1-py3-none-manylinux_2_17_aarch64.manylinux2014_aarch64.whl", hash = "sha256:c92db7101ef5bfc18e96777ed7bc7c822d545fa5977e90a585accac43d22f18a", size = 7206727, upload-time = "2024-02-05T22:28:24.264Z" },
    { url = "https://files.pythonhosted.org/packages/8e/e4/9bd2bbe2d950a58673b48d3080e66794b475f172d1f7ec6ca3ec8dd7422c/ruff-0.2.1-py3-none-manylinux_2_17_armv7l.manylinux2014_armv7l.whl", hash = "sha256:13471684694d41ae0f1e8e3a7497e14cd57ccb7dd72ae08d56a159d6c9c3e30e", size = 6636411, upload-time = "2024-02-05T22:28:28.267Z" },
    { url = "https://files.pythonhosted.org/packages/23/71/58999dc8a56d417658b26704347777e5d5c0df35303e39aecb5fe2dd2fa1/ruff-0.2.1-py3-none-manylinux_2_17_i686.manylinux2014_i686.whl", hash = "sha256:a11567e20ea39d1f51aebd778685582d4c56ccb082c1161ffc10f79bebe6df35", size = 7646392, upload-time = "2024-02-05T22:28:31.69Z" },
    { url = "https://files.pythonhosted.org/packages/f2/ea/2b87e1ce4b0c8175509a9206a3fd656f611aa1f6cfac5fe68a6e0b43aa11/ruff-0.2.1-py3-none-manylinux_2_17_ppc64.manylinux2014_ppc64.whl", hash = "sha256:00a818e2db63659570403e44383ab03c529c2b9678ba4ba6c105af7854008105", size = 8268392, upload-time = "2024-02-05T22:28:35.6Z" },
    { url = "https://files.pythonhosted.org/packages/4a/18/25775a58c90c90f1bfab9cd3c072214e955aaf2b754ca2412c19a655c4d3/ruff-0.2.1-py3-none-manylinux_2_17_ppc64le.manylinux2014_ppc64le.whl", hash = "sha256:be60592f9d218b52f03384d1325efa9d3b41e4c4d55ea022cd548547cc42cd2b", size = 8062532, upload-time = "2024-02-05T22:28:39.368Z" },
    { url = "https://files.pythonhosted.org/packages/7a/83/9633fb23c5c2bcdae402a711f1aee33a4e3362f35f636925923cf9a54367/ruff-0.2.1-py3-none-manylinux_2_17_s390x.manylinux2014_s390x.whl", hash = "sha256:fbd2288890b88e8aab4499e55148805b58ec711053588cc2f0196a44f6e3d855", size = 8618798, upload-time = "2024-02-05T22:28:43.434Z" },
    { url = "https://files.pythonhosted.org/packages/70/d3/67fdaff63c3092fb667573d6b69fe601020212078b68adedcb821ad4dfcd/ruff-0.2.1-py3-none-manylinux_2_17_x86_64.manylinux2014_x86_64.whl", hash = "sha256:f3ef052283da7dec1987bba8d8733051c2325654641dfe5877a4022108098683", size = 7645313, upload-time = "2024-02-05T22:28:47.059Z" },
    { url = "https://files.pythonhosted.org/packages/d3/cf/cc735333d04680ce918b81a0fde6aa582df36893a37f4647fe44ba180293/ruff-0.2.1-py3-none-musllinux_1_2_aarch64.whl", hash = "sha256:7022d66366d6fded4ba3889f73cd791c2d5621b2ccf34befc752cb0df70f5fad", size = 7124746, upload-time = "2024-02-05T22:28:50.651Z" },
    { url = "https://files.pythonhosted.org/packages/ad/75/b553591a7ac113d3b1e8dc30442edf26fc3e865cd2ed8cfe8d7f6bc3a608/ruff-0.2.1-py3-none-musllinux_1_2_armv7l.whl", hash = "sha256:0a725823cb2a3f08ee743a534cb6935727d9e47409e4ad72c10a3faf042ad5ba", size = 6618429, upload-time = "2024-02-05T22:28:54.746Z" },
    { url = "https://files.pythonhosted.org/packages/be/16/e490efc109900a7cd35881fc6ad3e9d885441aa7c154a57890ee66c998cd/ruff-0.2.1-py3-none-musllinux_1_2_i686.whl", hash = "sha256:0034d5b6323e6e8fe91b2a1e55b02d92d0b582d2953a2b37a67a2d7dedbb7acc", size = 7328520, upload-time = "2024-02-05T22:28:58.648Z" },
    { url = "https://files.pythonhosted.org/packages/43/81/75a8b6771ea60a599551737b06cf6167bf47568f0530617c320e95bb916f/ruff-0.2.1-py3-none-musllinux_1_2_x86_64.whl", hash = "sha256:e5cb5526d69bb9143c2e4d2a115d08ffca3d8e0fddc84925a7b54931c96f5c02", size = 7701070, upload-time = "2024-02-05T22:29:02.794Z" },
    { url = "https://files.pythonhosted.org/packages/aa/92/65a58c938d85999770b2fe40c4c089c31afc0b813bd0c517e11b2424531a/ruff-0.2.1-py3-none-win32.whl", hash = "sha256:6b95ac9ce49b4fb390634d46d6ece32ace3acdd52814671ccaf20b7f60adb232", size = 6756320, upload-time = "2024-02-05T22:29:06.778Z" },
    { url = "https://files.pythonhosted.org/packages/87/98/f34b8f7e0af12846a5b25c55facc853c92d43f37304e35ceb7d60a2c4392/ruff-0.2.1-py3-none-win_amd64.whl", hash = "sha256:e3affdcbc2afb6f5bd0eb3130139ceedc5e3f28d206fe49f63073cb9e65988e0", size = 7398543, upload-time = "2024-02-05T22:29:10.54Z" },
    { url = "https://files.pythonhosted.org/packages/4c/81/9585441b9968c2052b0a25cf951d2e8923fd1c4d52f316165ebb958f3718/ruff-0.2.1-py3-none-win_arm64.whl", hash = "sha256:efababa8e12330aa94a53e90a81eb6e2d55f348bc2e71adbf17d9cad23c03ee6", size = 7071225, upload-time = "2024-02-05T22:29:14.252Z" },
]

[[package]]
name = "tokenize-rt"
version = "6.2.0"
source = { registry = "https://pypi.org/simple" }
sdist = { url = "https://files.pythonhosted.org/packages/69/ed/8f07e893132d5051d86a553e749d5c89b2a4776eb3a579b72ed61f8559ca/tokenize_rt-6.2.0.tar.gz", hash = "sha256:8439c042b330c553fdbe1758e4a05c0ed460dbbbb24a606f11f0dee75da4cad6", size = 5476, upload-time = "2025-05-23T23:48:00.035Z" }
wheels = [
    { url = "https://files.pythonhosted.org/packages/33/f0/3fe8c6e69135a845f4106f2ff8b6805638d4e85c264e70114e8126689587/tokenize_rt-6.2.0-py2.py3-none-any.whl", hash = "sha256:a152bf4f249c847a66497a4a95f63376ed68ac6abf092a2f7cfb29d044ecff44", size = 6004, upload-time = "2025-05-23T23:47:58.812Z" },
]

[[package]]
name = "tomli"
version = "2.0.1"
source = { registry = "https://pypi.org/simple" }
sdist = { url = "https://files.pythonhosted.org/packages/c0/3f/d7af728f075fb08564c5949a9c95e44352e23dee646869fa104a3b2060a3/tomli-2.0.1.tar.gz", hash = "sha256:de526c12914f0c550d15924c62d72abc48d6fe7364aa87328337a31007fe8a4f", size = 15164, upload-time = "2022-02-08T10:54:04.006Z" }
wheels = [
    { url = "https://files.pythonhosted.org/packages/97/75/10a9ebee3fd790d20926a90a2547f0bf78f371b2f13aa822c759680ca7b9/tomli-2.0.1-py3-none-any.whl", hash = "sha256:939de3e7a6161af0c887ef91b7d41a53e7c5a1ca976325f429cb46ea9bc30ecc", size = 12757, upload-time = "2022-02-08T10:54:02.017Z" },
]

[[package]]
name = "ty"
version = "0.0.14"
source = { registry = "https://pypi.org/simple" }
sdist = { url = "https://files.pythonhosted.org/packages/af/57/22c3d6bf95c2229120c49ffc2f0da8d9e8823755a1c3194da56e51f1cc31/ty-0.0.14.tar.gz", hash = "sha256:a691010565f59dd7f15cf324cdcd1d9065e010c77a04f887e1ea070ba34a7de2", size = 5036573, upload-time = "2026-01-27T00:57:31.427Z" }
wheels = [
    { url = "https://files.pythonhosted.org/packages/99/cb/cc6d1d8de59beb17a41f9a614585f884ec2d95450306c173b3b7cc090d2e/ty-0.0.14-py3-none-linux_armv6l.whl", hash = "sha256:32cf2a7596e693094621d3ae568d7ee16707dce28c34d1762947874060fdddaa", size = 10034228, upload-time = "2026-01-27T00:57:53.133Z" },
    { url = "https://files.pythonhosted.org/packages/f3/96/dd42816a2075a8f31542296ae687483a8d047f86a6538dfba573223eaf9a/ty-0.0.14-py3-none-macosx_10_12_x86_64.whl", hash = "sha256:f971bf9805f49ce8c0968ad53e29624d80b970b9eb597b7cbaba25d8a18ce9a2", size = 9939162, upload-time = "2026-01-27T00:57:43.857Z" },
    { url = "https://files.pythonhosted.org/packages/ff/b4/73c4859004e0f0a9eead9ecb67021438b2e8e5fdd8d03e7f5aca77623992/ty-0.0.14-py3-none-macosx_11_0_arm64.whl", hash = "sha256:45448b9e4806423523268bc15e9208c4f3f2ead7c344f615549d2e2354d6e924", size = 9418661, upload-time = "2026-01-27T00:58:03.411Z" },
    { url = "https://files.pythonhosted.org/packages/58/35/839c4551b94613db4afa20ee555dd4f33bfa7352d5da74c5fa416ffa0fd2/ty-0.0.14-py3-none-manylinux_2_17_aarch64.manylinux2014_aarch64.whl", hash = "sha256:ee94a9b747ff40114085206bdb3205a631ef19a4d3fb89e302a88754cbbae54c", size = 9837872, upload-time = "2026-01-27T00:57:23.718Z" },
    { url = "https://files.pythonhosted.org/packages/41/2b/bbecf7e2faa20c04bebd35fc478668953ca50ee5847ce23e08acf20ea119/ty-0.0.14-py3-none-manylinux_2_17_armv7l.manylinux2014_armv7l.whl", hash = "sha256:6756715a3c33182e9ab8ffca2bb314d3c99b9c410b171736e145773ee0ae41c3", size = 9848819, upload-time = "2026-01-27T00:57:58.501Z" },
    { url = "https://files.pythonhosted.org/packages/be/60/3c0ba0f19c0f647ad9d2b5b5ac68c0f0b4dc899001bd53b3a7537fb247a2/ty-0.0.14-py3-none-manylinux_2_17_i686.manylinux2014_i686.whl", hash = "sha256:89d0038a2f698ba8b6fec5cf216a4e44e2f95e4a5095a8c0f57fe549f87087c2", size = 10324371, upload-time = "2026-01-27T00:57:29.291Z" },
    { url = "https://files.pythonhosted.org/packages/24/32/99d0a0b37d0397b0a989ffc2682493286aa3bc252b24004a6714368c2c3d/ty-0.0.14-py3-none-manylinux_2_17_ppc64le.manylinux2014_ppc64le.whl", hash = "sha256:2c64a83a2d669b77f50a4957039ca1450626fb474619f18f6f8a3eb885bf7544", size = 10865898, upload-time = "2026-01-27T00:57:33.542Z" },
    { url = "https://files.pythonhosted.org/packages/1a/88/30b583a9e0311bb474269cfa91db53350557ebec09002bfc3fb3fc364e8c/ty-0.0.14-py3-none-manylinux_2_17_s390x.manylinux2014_s390x.whl", hash = "sha256:242488bfb547ef080199f6fd81369ab9cb638a778bb161511d091ffd49c12129", size = 10555777, upload-time = "2026-01-27T00:58:05.853Z" },
    { url = "https://files.pythonhosted.org/packages/cd/a2/cb53fb6325dcf3d40f2b1d0457a25d55bfbae633c8e337bde8ec01a190eb/ty-0.0.14-py3-none-manylinux_2_17_x86_64.manylinux2014_x86_64.whl", hash = "sha256:4790c3866f6c83a4f424fc7d09ebdb225c1f1131647ba8bdc6fcdc28f09ed0ff", size = 10412913, upload-time = "2026-01-27T00:57:38.834Z" },
    { url = "https://files.pythonhosted.org/packages/42/8f/f2f5202d725ed1e6a4e5ffaa32b190a1fe70c0b1a2503d38515da4130b4c/ty-0.0.14-py3-none-musllinux_1_2_aarch64.whl", hash = "sha256:950f320437f96d4ea9a2332bbfb5b68f1c1acd269ebfa4c09b6970cc1565bd9d", size = 9837608, upload-time = "2026-01-27T00:57:55.898Z" },
    { url = "https://files.pythonhosted.org/packages/f7/ba/59a2a0521640c489dafa2c546ae1f8465f92956fede18660653cce73b4c5/ty-0.0.14-py3-none-musllinux_1_2_armv7l.whl", hash = "sha256:4a0ec3ee70d83887f86925bbc1c56f4628bd58a0f47f6f32ddfe04e1f05466df", size = 9884324, upload-time = "2026-01-27T00:57:46.786Z" },
    { url = "https://files.pythonhosted.org/packages/03/95/8d2a49880f47b638743212f011088552ecc454dd7a665ddcbdabea25772a/ty-0.0.14-py3-none-musllinux_1_2_i686.whl", hash = "sha256:a1a4e6b6da0c58b34415955279eff754d6206b35af56a18bb70eb519d8d139ef", size = 10033537, upload-time = "2026-01-27T00:58:01.149Z" },
    { url = "https://files.pythonhosted.org/packages/e9/40/4523b36f2ce69f92ccf783855a9e0ebbbd0f0bb5cdce6211ee1737159ed3/ty-0.0.14-py3-none-musllinux_1_2_x86_64.whl", hash = "sha256:dc04384e874c5de4c5d743369c277c8aa73d1edea3c7fc646b2064b637db4db3", size = 10495910, upload-time = "2026-01-27T00:57:26.691Z" },
    { url = "https://files.pythonhosted.org/packages/08/d5/655beb51224d1bfd4f9ddc0bb209659bfe71ff141bcf05c418ab670698f0/ty-0.0.14-py3-none-win32.whl", hash = "sha256:b20e22cf54c66b3e37e87377635da412d9a552c9bf4ad9fc449fed8b2e19dad2", size = 9507626, upload-time = "2026-01-27T00:57:41.43Z" },
    { url = "https://files.pythonhosted.org/packages/b6/d9/c569c9961760e20e0a4bc008eeb1415754564304fd53997a371b7cf3f864/ty-0.0.14-py3-none-win_amd64.whl", hash = "sha256:e312ff9475522d1a33186657fe74d1ec98e4a13e016d66f5758a452c90ff6409", size = 10437980, upload-time = "2026-01-27T00:57:36.422Z" },
    { url = "https://files.pythonhosted.org/packages/ad/0c/186829654f5bfd9a028f6648e9caeb11271960a61de97484627d24443f91/ty-0.0.14-py3-none-win_arm64.whl", hash = "sha256:b6facdbe9b740cb2c15293a1d178e22ffc600653646452632541d01c36d5e378", size = 9885831, upload-time = "2026-01-27T00:57:49.747Z" },
]

[[package]]
name = "typer"
version = "0.9.0"
source = { registry = "https://pypi.org/simple" }
dependencies = [
    { name = "click" },
    { name = "typing-extensions" },
]
sdist = { url = "https://files.pythonhosted.org/packages/5b/49/39f10d0f75886439ab3dac889f14f8ad511982a754e382c9b6ca895b29e9/typer-0.9.0.tar.gz", hash = "sha256:50922fd79aea2f4751a8e0408ff10d2662bd0c8bbfa84755a699f3bada2978b2", size = 273985, upload-time = "2023-05-02T05:20:57.63Z" }
wheels = [
    { url = "https://files.pythonhosted.org/packages/bf/0e/c68adf10adda05f28a6ed7b9f4cd7b8e07f641b44af88ba72d9c89e4de7a/typer-0.9.0-py3-none-any.whl", hash = "sha256:5d96d986a21493606a358cae4461bd8cdf83cbf33a5aa950ae629ca3b51467ee", size = 45861, upload-time = "2023-05-02T05:20:55.675Z" },
]

[[package]]
name = "typing-extensions"
version = "4.9.0"
source = { registry = "https://pypi.org/simple" }
sdist = { url = "https://files.pythonhosted.org/packages/0c/1d/eb26f5e75100d531d7399ae800814b069bc2ed2a7410834d57374d010d96/typing_extensions-4.9.0.tar.gz", hash = "sha256:23478f88c37f27d76ac8aee6c905017a143b0b1b886c3c9f66bc2fd94f9f5783", size = 74918, upload-time = "2023-12-10T01:14:22.627Z" }
wheels = [
    { url = "https://files.pythonhosted.org/packages/b7/f4/6a90020cd2d93349b442bfcb657d0dc91eee65491600b2cb1d388bc98e6b/typing_extensions-4.9.0-py3-none-any.whl", hash = "sha256:af72aea155e91adfc61c3ae9e0e342dbc0cba726d6cba4b6c72c1f34e47291cd", size = 32750, upload-time = "2023-12-10T01:14:20.617Z" },
]
